
Microsoft Visual Studio Solution File, Format Version 12.00
# Visual Studio Version 16
VisualStudioVersion = 16.0.29519.181
MinimumVisualStudioVersion = 10.0.40219.1
Project("{FAE04EC0-301F-11D3-BF4B-00C04F79EFBC}") = "KVANT_Scada", "KVANT_Scada.csproj", "{D91D651E-A9C3-436B-BDC1-0B5EE11E7720}"
EndProject
Global
	GlobalSection(SolutionConfigurationPlatforms) = preSolution
		Debug|Any CPU = Debug|Any CPU
		Release|Any CPU = Release|Any CPU
	EndGlobalSection
	GlobalSection(ProjectConfigurationPlatforms) = postSolution
		{D91D651E-A9C3-436B-BDC1-0B5EE11E7720}.Debug|Any CPU.ActiveCfg = Debug|Any CPU
		{D91D651E-A9C3-436B-BDC1-0B5EE11E7720}.Debug|Any CPU.Build.0 = Debug|Any CPU
		{D91D651E-A9C3-436B-BDC1-0B5EE11E7720}.Release|Any CPU.ActiveCfg = Release|Any CPU
		{D91D651E-A9C3-436B-BDC1-0B5EE11E7720}.Release|Any CPU.Build.0 = Release|Any CPU
	EndGlobalSection
	GlobalSection(SolutionProperties) = preSolution
		HideSolutionNode = FALSE
	EndGlobalSection
	GlobalSection(ExtensibilityGlobals) = postSolution
		SolutionGuid = {CAF563BC-D94E-4DAC-BB46-DE237B1EFC1E}
	EndGlobalSection
EndGlobal
